{
  "name": "@architecture-graph/toolkit",
  "version": "0.1.0",
  "lockfileVersion": 3,
  "requires": true,
  "packages": {
    "": {
      "name": "@architecture-graph/toolkit",
      "version": "0.1.0",
      "license": "MIT",
      "bin": {
        "ag": "bin/ag.js"
      },
      "engines": {
        "node": ">=22"
      }
    }
  }
}
